
Microsoft Visual Studio Solution File, Format Version 12.00
# Visual Studio Version 16
VisualStudioVersion = 16.0.31624.102
MinimumVisualStudioVersion = 10.0.40219.1
Project("{FAE04EC0-301F-11D3-BF4B-00C04F79EFBC}") = "StringMethodExample", "StringMethodExample\StringMethodExample.csproj", "{4372D42C-D8BF-4AD3-B9AD-9FE0BCD31BE2}"
EndProject
Global
	GlobalSection(SolutionConfigurationPlatforms) = preSolution
		Debug|Any CPU = Debug|Any CPU
		Release|Any CPU = Release|Any CPU
	EndGlobalSection
	GlobalSection(ProjectConfigurationPlatforms) = postSolution
		{4372D42C-D8BF-4AD3-B9AD-9FE0BCD31BE2}.Debug|Any CPU.ActiveCfg = Debug|Any CPU
		{4372D42C-D8BF-4AD3-B9AD-9FE0BCD31BE2}.Debug|Any CPU.Build.0 = Debug|Any CPU
		{4372D42C-D8BF-4AD3-B9AD-9FE0BCD31BE2}.Release|Any CPU.ActiveCfg = Release|Any CPU
		{4372D42C-D8BF-4AD3-B9AD-9FE0BCD31BE2}.Release|Any CPU.Build.0 = Release|Any CPU
	EndGlobalSection
	GlobalSection(SolutionProperties) = preSolution
		HideSolutionNode = FALSE
	EndGlobalSection
	GlobalSection(ExtensibilityGlobals) = postSolution
		SolutionGuid = {ECF29FF9-A6F2-4602-8F86-BEB19838E92A}
	EndGlobalSection
EndGlobal
